
Microsoft Visual Studio Solution File, Format Version 12.00
# Visual Studio Version 17
VisualStudioVersion = 17.5.002.0
MinimumVisualStudioVersion = 10.0.40219.1
Project("{9A19103F-16F7-4668-BE54-9A1E7A4F7556}") = "ConsoleApp3", "ConsoleApp3\ConsoleApp3.csproj", "{A3FCFAB9-1C8C-4781-AF11-3685B99FCA4E}"
EndProject
Global
	GlobalSection(SolutionConfigurationPlatforms) = preSolution
		Debug|Any CPU = Debug|Any CPU
		Release|Any CPU = Release|Any CPU
	EndGlobalSection
	GlobalSection(ProjectConfigurationPlatforms) = postSolution
		{A3FCFAB9-1C8C-4781-AF11-3685B99FCA4E}.Debug|Any CPU.ActiveCfg = Debug|Any CPU
		{A3FCFAB9-1C8C-4781-AF11-3685B99FCA4E}.Debug|Any CPU.Build.0 = Debug|Any CPU
		{A3FCFAB9-1C8C-4781-AF11-3685B99FCA4E}.Release|Any CPU.ActiveCfg = Release|Any CPU
		{A3FCFAB9-1C8C-4781-AF11-3685B99FCA4E}.Release|Any CPU.Build.0 = Release|Any CPU
	EndGlobalSection
	GlobalSection(SolutionProperties) = preSolution
		HideSolutionNode = FALSE
	EndGlobalSection
	GlobalSection(ExtensibilityGlobals) = postSolution
		SolutionGuid = {D65753CA-F217-4C34-818A-944753920A0B}
	EndGlobalSection
EndGlobal
